github.com/mtesauro/commandeer v1.1.0 h1:1UT4bCIWjbHRSIY5IconFotzF4lx3qWhDypqteKdHbQ=
github.com/mtesauro/commandeer v1.1.0/go.mod h1:hiMsiwFP1E28F2+cOtGg909pcNTp+gMSO7gg/NFf6xg=
github.com/mtesauro/commandeer v1.1.1 h1:40IFs3S2ydCKJb2Sna0YfnD5FQeKOX5IvlK1WmM4sTE=
github.com/mtesauro/commandeer v1.1.1/go.mod h1:hiMsiwFP1E28F2+cOtGg909pcNTp+gMSO7gg/NFf6xg=
